// !$*UTF8*$!
{
	archiveVersion = 1;
	classes = {
	};
	objectVersion = 46;
	objects = {

/* Begin PBXBuildFile section */
		455680AE1B5BBE0500CDB9A1 /* HKCenterPinView.m in Sources */ = {isa = PBXBuildFile; fileRef = 455680AD1B5BBE0500CDB9A1 /* HKCenterPinView.m */; };
		455680B41B5BC79900CDB9A1 /* hk_focus_6.png in Resources */ = {isa = PBXBuildFile; fileRef = 455680B31B5BC79900CDB9A1 /* hk_focus_6.png */; };
		45599E1F1B5C98C60023CA02 /* hk_profile_4.png in Resources */ = {isa = PBXBuildFile; fileRef = 45599E1E1B5C98C60023CA02 /* hk_profile_4.png */; };
		45599E2F1B5CC4960023CA02 /* Default@3x-2.png in Resources */ = {isa = PBXBuildFile; fileRef = 45599E2E1B5CC4960023CA02 /* Default@3x-2.png */; };
		45599E311B5CC60B0023CA02 /* hk_settings.png in Resources */ = {isa = PBXBuildFile; fileRef = 45599E301B5CC60B0023CA02 /* hk_settings.png */; };
		45599E341B5CDD5B0023CA02 /* HKFocusView.m in Sources */ = {isa = PBXBuildFile; fileRef = 45599E331B5CDD5B0023CA02 /* HKFocusView.m */; };
		456223931B57392E00F31AE5 /* HKPaopaoView.m in Sources */ = {isa = PBXBuildFile; fileRef = 456223921B57392E00F31AE5 /* HKPaopaoView.m */; };
		456223961B57461800F31AE5 /* HKBottomMenuView.m in Sources */ = {isa = PBXBuildFile; fileRef = 456223951B57461800F31AE5 /* HKBottomMenuView.m */; };
		4565EF091B567A7F009D0BCD /* main.m in Sources */ = {isa = PBXBuildFile; fileRef = 4565EF081B567A7F009D0BCD /* main.m */; };
		4565EF0C1B567A7F009D0BCD /* AppDelegate.mm in Sources */ = {isa = PBXBuildFile; fileRef = 4565EF0B1B567A7F009D0BCD /* AppDelegate.mm */; };
		4565EF141B567A7F009D0BCD /* Images.xcassets in Resources */ = {isa = PBXBuildFile; fileRef = 4565EF131B567A7F009D0BCD /* Images.xcassets */; };
		4565EF171B567A7F009D0BCD /* LaunchScreen.xib in Resources */ = {isa = PBXBuildFile; fileRef = 4565EF151B567A7F009D0BCD /* LaunchScreen.xib */; };
		4565EF231B567A7F009D0BCD /* hackTests.m in Sources */ = {isa = PBXBuildFile; fileRef = 4565EF221B567A7F009D0BCD /* hackTests.m */; };
		4565EF2D1B56A8F0009D0BCD /* BaiduMapAPI.framework in Frameworks */ = {isa = PBXBuildFile; fileRef = 4565EF2C1B56A8F0009D0BCD /* BaiduMapAPI.framework */; };
		4565EF2F1B56A93B009D0BCD /* OpenGLES.framework in Frameworks */ = {isa = PBXBuildFile; fileRef = 4565EF2E1B56A93B009D0BCD /* OpenGLES.framework */; };
		4565EF311B56A943009D0BCD /* CoreText.framework in Frameworks */ = {isa = PBXBuildFile; fileRef = 4565EF301B56A943009D0BCD /* CoreText.framework */; };
		4565EF331B56A94D009D0BCD /* CFNetwork.framework in Frameworks */ = {isa = PBXBuildFile; fileRef = 4565EF321B56A94D009D0BCD /* CFNetwork.framework */; };
		4565EF351B56A958009D0BCD /* libz.dylib in Frameworks */ = {isa = PBXBuildFile; fileRef = 4565EF341B56A958009D0BCD /* libz.dylib */; };
		4565EF371B56A960009D0BCD /* CoreGraphics.framework in Frameworks */ = {isa = PBXBuildFile; fileRef = 4565EF361B56A960009D0BCD /* CoreGraphics.framework */; };
		4565EF391B56A968009D0BCD /* Foundation.framework in Frameworks */ = {isa = PBXBuildFile; fileRef = 4565EF381B56A968009D0BCD /* Foundation.framework */; };
		4565EF3B1B56A96F009D0BCD /* UIKit.framework in Frameworks */ = {isa = PBXBuildFile; fileRef = 4565EF3A1B56A96F009D0BCD /* UIKit.framework */; };
		4565EF3D1B56A979009D0BCD /* Security.framework in Frameworks */ = {isa = PBXBuildFile; fileRef = 4565EF3C1B56A979009D0BCD /* Security.framework */; };
		4565EF3F1B56A980009D0BCD /* SystemConfiguration.framework in Frameworks */ = {isa = PBXBuildFile; fileRef = 4565EF3E1B56A980009D0BCD /* SystemConfiguration.framework */; };
		4565EF411B56A988009D0BCD /* ImageIO.framework in Frameworks */ = {isa = PBXBuildFile; fileRef = 4565EF401B56A988009D0BCD /* ImageIO.framework */; };
		4565EF431B56A992009D0BCD /* QuartzCore.framework in Frameworks */ = {isa = PBXBuildFile; fileRef = 4565EF421B56A992009D0BCD /* QuartzCore.framework */; };
		4565EF451B56AB2E009D0BCD /* mapapi.bundle in Resources */ = {isa = PBXBuildFile; fileRef = 4565EF441B56AB2E009D0BCD /* mapapi.bundle */; };
		4565EF481B56AC75009D0BCD /* HKMainMapViewController.m in Sources */ = {isa = PBXBuildFile; fileRef = 4565EF471B56AC75009D0BCD /* HKMainMapViewController.m */; };
		4565EF4C1B56AFBE009D0BCD /* UberKit.m in Sources */ = {isa = PBXBuildFile; fileRef = 4565EF4B1B56AFBE009D0BCD /* UberKit.m */; };
		4565EF5E1B56AFCF009D0BCD /* UberRequest.m in Sources */ = {isa = PBXBuildFile; fileRef = 4565EF4F1B56AFCF009D0BCD /* UberRequest.m */; };
		4565EF5F1B56AFCF009D0BCD /* UberActivity.m in Sources */ = {isa = PBXBuildFile; fileRef = 4565EF511B56AFCF009D0BCD /* UberActivity.m */; };
		4565EF601B56AFCF009D0BCD /* UberPrice.m in Sources */ = {isa = PBXBuildFile; fileRef = 4565EF531B56AFCF009D0BCD /* UberPrice.m */; };
		4565EF611B56AFCF009D0BCD /* UberProduct.m in Sources */ = {isa = PBXBuildFile; fileRef = 4565EF551B56AFCF009D0BCD /* UberProduct.m */; };
		4565EF621B56AFCF009D0BCD /* UberProfile.m in Sources */ = {isa = PBXBuildFile; fileRef = 4565EF571B56AFCF009D0BCD /* UberProfile.m */; };
		4565EF631B56AFCF009D0BCD /* UberPromotion.m in Sources */ = {isa = PBXBuildFile; fileRef = 4565EF591B56AFCF009D0BCD /* UberPromotion.m */; };
		4565EF641B56AFCF009D0BCD /* UberTime.m in Sources */ = {isa = PBXBuildFile; fileRef = 4565EF5B1B56AFCF009D0BCD /* UberTime.m */; };
		4565EF651B56AFCF009D0BCD /* UberMap.m in Sources */ = {isa = PBXBuildFile; fileRef = 4565EF5D1B56AFCF009D0BCD /* UberMap.m */; };
		4565EF6D1B56AFEA009D0BCD /* UberTrip.m in Sources */ = {isa = PBXBuildFile; fileRef = 4565EF681B56AFEA009D0BCD /* UberTrip.m */; };
		4565EF6E1B56AFEA009D0BCD /* UberEstimate.m in Sources */ = {isa = PBXBuildFile; fileRef = 4565EF6A1B56AFEA009D0BCD /* UberEstimate.m */; };
		4565EF6F1B56AFEA009D0BCD /* UberEstimatedPrice.m in Sources */ = {isa = PBXBuildFile; fileRef = 4565EF6C1B56AFEA009D0BCD /* UberEstimatedPrice.m */; };
		4565EF771B56AFFF009D0BCD /* UberDriver.m in Sources */ = {isa = PBXBuildFile; fileRef = 4565EF721B56AFFF009D0BCD /* UberDriver.m */; };
		4565EF781B56AFFF009D0BCD /* UberLocation.m in Sources */ = {isa = PBXBuildFile; fileRef = 4565EF741B56AFFF009D0BCD /* UberLocation.m */; };
		4565EF791B56AFFF009D0BCD /* UberVehicle.m in Sources */ = {isa = PBXBuildFile; fileRef = 4565EF761B56AFFF009D0BCD /* UberVehicle.m */; };
		4565EF7F1B56B014009D0BCD /* UberCharge.m in Sources */ = {isa = PBXBuildFile; fileRef = 4565EF7C1B56B014009D0BCD /* UberCharge.m */; };
		4565EF801B56B014009D0BCD /* UberReceipt.m in Sources */ = {isa = PBXBuildFile; fileRef = 4565EF7E1B56B014009D0BCD /* UberReceipt.m */; };
		4565EFA21B56B02F009D0BCD /* NSData+NXOAuth2.m in Sources */ = {isa = PBXBuildFile; fileRef = 4565EF951B56B02F009D0BCD /* NSData+NXOAuth2.m */; };
		4565EFA31B56B02F009D0BCD /* NSString+NXOAuth2.m in Sources */ = {isa = PBXBuildFile; fileRef = 4565EF961B56B02F009D0BCD /* NSString+NXOAuth2.m */; };
		4565EFA41B56B02F009D0BCD /* NSURL+NXOAuth2.m in Sources */ = {isa = PBXBuildFile; fileRef = 4565EF971B56B02F009D0BCD /* NSURL+NXOAuth2.m */; };
		4565EFA51B56B02F009D0BCD /* NXOAuth2AccessToken.m in Sources */ = {isa = PBXBuildFile; fileRef = 4565EF981B56B02F009D0BCD /* NXOAuth2AccessToken.m */; };
		4565EFA61B56B02F009D0BCD /* NXOAuth2Account.m in Sources */ = {isa = PBXBuildFile; fileRef = 4565EF991B56B02F009D0BCD /* NXOAuth2Account.m */; };
		4565EFA71B56B02F009D0BCD /* NXOAuth2AccountStore.m in Sources */ = {isa = PBXBuildFile; fileRef = 4565EF9A1B56B02F009D0BCD /* NXOAuth2AccountStore.m */; };
		4565EFA81B56B02F009D0BCD /* NXOAuth2Client.m in Sources */ = {isa = PBXBuildFile; fileRef = 4565EF9B1B56B02F009D0BCD /* NXOAuth2Client.m */; };
		4565EFA91B56B02F009D0BCD /* NXOAuth2Connection.m in Sources */ = {isa = PBXBuildFile; fileRef = 4565EF9C1B56B02F009D0BCD /* NXOAuth2Connection.m */; };
		4565EFAA1B56B02F009D0BCD /* NXOAuth2Constants.m in Sources */ = {isa = PBXBuildFile; fileRef = 4565EF9D1B56B02F009D0BCD /* NXOAuth2Constants.m */; };
		4565EFAB1B56B02F009D0BCD /* NXOAuth2FileStreamWrapper.m in Sources */ = {isa = PBXBuildFile; fileRef = 4565EF9E1B56B02F009D0BCD /* NXOAuth2FileStreamWrapper.m */; };
		4565EFAC1B56B02F009D0BCD /* NXOAuth2PostBodyPart.m in Sources */ = {isa = PBXBuildFile; fileRef = 4565EF9F1B56B02F009D0BCD /* NXOAuth2PostBodyPart.m */; };
		4565EFAD1B56B02F009D0BCD /* NXOAuth2PostBodyStream.m in Sources */ = {isa = PBXBuildFile; fileRef = 4565EFA01B56B02F009D0BCD /* NXOAuth2PostBodyStream.m */; };
		4565EFAE1B56B02F009D0BCD /* NXOAuth2Request.m in Sources */ = {isa = PBXBuildFile; fileRef = 4565EFA11B56B02F009D0BCD /* NXOAuth2Request.m */; };
		4565EFB61B56B23C009D0BCD /* UIButton+Bobtn.m in Sources */ = {isa = PBXBuildFile; fileRef = 4565EFB51B56B23C009D0BCD /* UIButton+Bobtn.m */; };
		4565EFB91B56B2F5009D0BCD /* HKAddressTVC.m in Sources */ = {isa = PBXBuildFile; fileRef = 4565EFB81B56B2F5009D0BCD /* HKAddressTVC.m */; };
		458725C81B58F2EE003608DB /* hk_center_2.png in Resources */ = {isa = PBXBuildFile; fileRef = 458725C71B58F2EE003608DB /* hk_center_2.png */; };
		458725DC1B58F942003608DB /* hk_cur_11.png in Resources */ = {isa = PBXBuildFile; fileRef = 458725DB1B58F942003608DB /* hk_cur_11.png */; };
/* End PBXBuildFile section */

/* Begin PBXContainerItemProxy section */
		4565EF1D1B567A7F009D0BCD /* PBXContainerItemProxy */ = {
			isa = PBXContainerItemProxy;
			containerPortal = 4565EEFB1B567A7F009D0BCD /* Project object */;
			proxyType = 1;
			remoteGlobalIDString = 4565EF021B567A7F009D0BCD;
			remoteInfo = hack;
		};
/* End PBXContainerItemProxy section */

/* Begin PBXFileReference section */
		455680AC1B5BBE0500CDB9A1 /* HKCenterPinView.h */ = {isa = PBXFileReference; fileEncoding = 4; lastKnownFileType = sourcecode.c.h; path = HKCenterPinView.h; sourceTree = "<group>"; };
		455680AD1B5BBE0500CDB9A1 /* HKCenterPinView.m */ = {isa = PBXFileReference; fileEncoding = 4; lastKnownFileType = sourcecode.c.objc; path = HKCenterPinView.m; sourceTree = "<group>"; };
		455680B31B5BC79900CDB9A1 /* hk_focus_6.png */ = {isa = PBXFileReference; lastKnownFileType = image.png; path = hk_focus_6.png; sourceTree = "<group>"; };
		45599E1E1B5C98C60023CA02 /* hk_profile_4.png */ = {isa = PBXFileReference; lastKnownFileType = image.png; path = hk_profile_4.png; sourceTree = "<group>"; };
		45599E2E1B5CC4960023CA02 /* Default@3x-2.png */ = {isa = PBXFileReference; lastKnownFileType = image.png; path = "Default@3x-2.png"; sourceTree = "<group>"; };
		45599E301B5CC60B0023CA02 /* hk_settings.png */ = {isa = PBXFileReference; lastKnownFileType = image.png; path = hk_settings.png; sourceTree = "<group>"; };
		45599E321B5CDD5B0023CA02 /* HKFocusView.h */ = {isa = PBXFileReference; fileEncoding = 4; lastKnownFileType = sourcecode.c.h; path = HKFocusView.h; sourceTree = "<group>"; };
		45599E331B5CDD5B0023CA02 /* HKFocusView.m */ = {isa = PBXFileReference; fileEncoding = 4; lastKnownFileType = sourcecode.c.objc; path = HKFocusView.m; sourceTree = "<group>"; };
		456223911B57392E00F31AE5 /* HKPaopaoView.h */ = {isa = PBXFileReference; fileEncoding = 4; lastKnownFileType = sourcecode.c.h; path = HKPaopaoView.h; sourceTree = "<group>"; };
		456223921B57392E00F31AE5 /* HKPaopaoView.m */ = {isa = PBXFileReference; fileEncoding = 4; lastKnownFileType = sourcecode.c.objc; path = HKPaopaoView.m; sourceTree = "<group>"; };
		456223941B57461800F31AE5 /* HKBottomMenuView.h */ = {isa = PBXFileReference; fileEncoding = 4; lastKnownFileType = sourcecode.c.h; path = HKBottomMenuView.h; sourceTree = "<group>"; };
		456223951B57461800F31AE5 /* HKBottomMenuView.m */ = {isa = PBXFileReference; fileEncoding = 4; lastKnownFileType = sourcecode.c.objc; path = HKBottomMenuView.m; sourceTree = "<group>"; };
		4565EF031B567A7F009D0BCD /* hack.app */ = {isa = PBXFileReference; explicitFileType = wrapper.application; includeInIndex = 0; path = hack.app; sourceTree = BUILT_PRODUCTS_DIR; };
		4565EF071B567A7F009D0BCD /* Info.plist */ = {isa = PBXFileReference; lastKnownFileType = text.plist.xml; path = Info.plist; sourceTree = "<group>"; };
		4565EF081B567A7F009D0BCD /* main.m */ = {isa = PBXFileReference; lastKnownFileType = sourcecode.c.objc; path = main.m; sourceTree = "<group>"; };
		4565EF0A1B567A7F009D0BCD /* AppDelegate.h */ = {isa = PBXFileReference; lastKnownFileType = sourcecode.c.h; path = AppDelegate.h; sourceTree = "<group>"; };
		4565EF0B1B567A7F009D0BCD /* AppDelegate.mm */ = {isa = PBXFileReference; lastKnownFileType = sourcecode.cpp.objcpp; path = AppDelegate.mm; sourceTree = "<group>"; };
		4565EF131B567A7F009D0BCD /* Images.xcassets */ = {isa = PBXFileReference; lastKnownFileType = folder.assetcatalog; path = Images.xcassets; sourceTree = "<group>"; };
		4565EF161B567A7F009D0BCD /* Base */ = {isa = PBXFileReference; lastKnownFileType = file.xib; name = Base; path = Base.lproj/LaunchScreen.xib; sourceTree = "<group>"; };
		4565EF1C1B567A7F009D0BCD /* hackTests.xctest */ = {isa = PBXFileReference; explicitFileType = wrapper.cfbundle; includeInIndex = 0; path = hackTests.xctest; sourceTree = BUILT_PRODUCTS_DIR; };
		4565EF211B567A7F009D0BCD /* Info.plist */ = {isa = PBXFileReference; lastKnownFileType = text.plist.xml; path = Info.plist; sourceTree = "<group>"; };
		4565EF221B567A7F009D0BCD /* hackTests.m */ = {isa = PBXFileReference; lastKnownFileType = sourcecode.c.objc; path = hackTests.m; sourceTree = "<group>"; };
		4565EF2C1B56A8F0009D0BCD /* BaiduMapAPI.framework */ = {isa = PBXFileReference; lastKnownFileType = wrapper.framework; path = BaiduMapAPI.framework; sourceTree = "<group>"; };
		4565EF2E1B56A93B009D0BCD /* OpenGLES.framework */ = {isa = PBXFileReference; lastKnownFileType = wrapper.framework; name = OpenGLES.framework; path = System/Library/Frameworks/OpenGLES.framework; sourceTree = SDKROOT; };
		4565EF301B56A943009D0BCD /* CoreText.framework */ = {isa = PBXFileReference; lastKnownFileType = wrapper.framework; name = CoreText.framework; path = System/Library/Frameworks/CoreText.framework; sourceTree = SDKROOT; };
		4565EF321B56A94D009D0BCD /* CFNetwork.framework */ = {isa = PBXFileReference; lastKnownFileType = wrapper.framework; name = CFNetwork.framework; path = System/Library/Frameworks/CFNetwork.framework; sourceTree = SDKROOT; };
		4565EF341B56A958009D0BCD /* libz.dylib */ = {isa = PBXFileReference; lastKnownFileType = "compiled.mach-o.dylib"; name = libz.dylib; path = usr/lib/libz.dylib; sourceTree = SDKROOT; };
		4565EF361B56A960009D0BCD /* CoreGraphics.framework */ = {isa = PBXFileReference; lastKnownFileType = wrapper.framework; name = CoreGraphics.framework; path = System/Library/Frameworks/CoreGraphics.framework; sourceTree = SDKROOT; };
		4565EF381B56A968009D0BCD /* Foundation.framework */ = {isa = PBXFileReference; lastKnownFileType = wrapper.framework; name = Foundation.framework; path = System/Library/Frameworks/Foundation.framework; sourceTree = SDKROOT; };
		4565EF3A1B56A96F009D0BCD /* UIKit.framework */ = {isa = PBXFileReference; lastKnownFileType = wrapper.framework; name = UIKit.framework; path = System/Library/Frameworks/UIKit.framework; sourceTree = SDKROOT; };
		4565EF3C1B56A979009D0BCD /* Security.framework */ = {isa = PBXFileReference; lastKnownFileType = wrapper.framework; name = Security.framework; path = System/Library/Frameworks/Security.framework; sourceTree = SDKROOT; };
		4565EF3E1B56A980009D0BCD /* SystemConfiguration.framework */ = {isa = PBXFileReference; lastKnownFileType = wrapper.framework; name = SystemConfiguration.framework; path = System/Library/Frameworks/SystemConfiguration.framework; sourceTree = SDKROOT; };
		4565EF401B56A988009D0BCD /* ImageIO.framework */ = {isa = PBXFileReference; lastKnownFileType = wrapper.framework; name = ImageIO.framework; path = System/Library/Frameworks/ImageIO.framework; sourceTree = SDKROOT; };
		4565EF421B56A992009D0BCD /* QuartzCore.framework */ = {isa = PBXFileReference; lastKnownFileType = wrapper.framework; name = QuartzCore.framework; path = System/Library/Frameworks/QuartzCore.framework; sourceTree = SDKROOT; };
		4565EF441B56AB2E009D0BCD /* mapapi.bundle */ = {isa = PBXFileReference; lastKnownFileType = "wrapper.plug-in"; path = mapapi.bundle; sourceTree = "<group>"; };
		4565EF461B56AC75009D0BCD /* HKMainMapViewController.h */ = {isa = PBXFileReference; fileEncoding = 4; lastKnownFileType = sourcecode.c.h; path = HKMainMapViewController.h; sourceTree = "<group>"; };
		4565EF471B56AC75009D0BCD /* HKMainMapViewController.m */ = {isa = PBXFileReference; fileEncoding = 4; lastKnownFileType = sourcecode.c.objc; path = HKMainMapViewController.m; sourceTree = "<group>"; };
		4565EF4A1B56AFBE009D0BCD /* UberKit.h */ = {isa = PBXFileReference; fileEncoding = 4; lastKnownFileType = sourcecode.c.h; path = UberKit.h; sourceTree = "<group>"; };
		4565EF4B1B56AFBE009D0BCD /* UberKit.m */ = {isa = PBXFileReference; fileEncoding = 4; lastKnownFileType = sourcecode.c.objc; path = UberKit.m; sourceTree = "<group>"; };
		4565EF4E1B56AFCF009D0BCD /* UberRequest.h */ = {isa = PBXFileReference; fileEncoding = 4; lastKnownFileType = sourcecode.c.h; path = UberRequest.h; sourceTree = "<group>"; };
		4565EF4F1B56AFCF009D0BCD /* UberRequest.m */ = {isa = PBXFileReference; fileEncoding = 4; lastKnownFileType = sourcecode.c.objc; path = UberRequest.m; sourceTree = "<group>"; };
		4565EF501B56AFCF009D0BCD /* UberActivity.h */ = {isa = PBXFileReference; fileEncoding = 4; lastKnownFileType = sourcecode.c.h; path = UberActivity.h; sourceTree = "<group>"; };
		4565EF511B56AFCF009D0BCD /* UberActivity.m */ = {isa = PBXFileReference; fileEncoding = 4; lastKnownFileType = sourcecode.c.objc; path = UberActivity.m; sourceTree = "<group>"; };
		4565EF521B56AFCF009D0BCD /* UberPrice.h */ = {isa = PBXFileReference; fileEncoding = 4; lastKnownFileType = sourcecode.c.h; path = UberPrice.h; sourceTree = "<group>"; };
		4565EF531B56AFCF009D0BCD /* UberPrice.m */ = {isa = PBXFileReference; fileEncoding = 4; lastKnownFileType = sourcecode.c.objc; path = UberPrice.m; sourceTree = "<group>"; };
		4565EF541B56AFCF009D0BCD /* UberProduct.h */ = {isa = PBXFileReference; fileEncoding = 4; lastKnownFileType = sourcecode.c.h; path = UberProduct.h; sourceTree = "<group>"; };
		4565EF551B56AFCF009D0BCD /* UberProduct.m */ = {isa = PBXFileReference; fileEncoding = 4; lastKnownFileType = sourcecode.c.objc; path = UberProduct.m; sourceTree = "<group>"; };
		4565EF561B56AFCF009D0BCD /* UberProfile.h */ = {isa = PBXFileReference; fileEncoding = 4; lastKnownFileType = sourcecode.c.h; path = UberProfile.h; sourceTree = "<group>"; };
		4565EF571B56AFCF009D0BCD /* UberProfile.m */ = {isa = PBXFileReference; fileEncoding = 4; lastKnownFileType = sourcecode.c.objc; path = UberProfile.m; sourceTree = "<group>"; };
		4565EF581B56AFCF009D0BCD /* UberPromotion.h */ = {isa = PBXFileReference; fileEncoding = 4; lastKnownFileType = sourcecode.c.h; path = UberPromotion.h; sourceTree = "<group>"; };
		4565EF591B56AFCF009D0BCD /* UberPromotion.m */ = {isa = PBXFileReference; fileEncoding = 4; lastKnownFileType = sourcecode.c.objc; path = UberPromotion.m; sourceTree = "<group>"; };
		4565EF5A1B56AFCF009D0BCD /* UberTime.h */ = {isa = PBXFileReference; fileEncoding = 4; lastKnownFileType = sourcecode.c.h; path = UberTime.h; sourceTree = "<group>"; };
		4565EF5B1B56AFCF009D0BCD /* UberTime.m */ = {isa = PBXFileReference; fileEncoding = 4; lastKnownFileType = sourcecode.c.objc; path = UberTime.m; sourceTree = "<group>"; };
		4565EF5C1B56AFCF009D0BCD /* UberMap.h */ = {isa = PBXFileReference; fileEncoding = 4; lastKnownFileType = sourcecode.c.h; path = UberMap.h; sourceTree = "<group>"; };
		4565EF5D1B56AFCF009D0BCD /* UberMap.m */ = {isa = PBXFileReference; fileEncoding = 4; lastKnownFileType = sourcecode.c.objc; path = UberMap.m; sourceTree = "<group>"; };
		4565EF671B56AFEA009D0BCD /* UberTrip.h */ = {isa = PBXFileReference; fileEncoding = 4; lastKnownFileType = sourcecode.c.h; path = UberTrip.h; sourceTree = "<group>"; };
		4565EF681B56AFEA009D0BCD /* UberTrip.m */ = {isa = PBXFileReference; fileEncoding = 4; lastKnownFileType = sourcecode.c.objc; path = UberTrip.m; sourceTree = "<group>"; };
		4565EF691B56AFEA009D0BCD /* UberEstimate.h */ = {isa = PBXFileReference; fileEncoding = 4; lastKnownFileType = sourcecode.c.h; path = UberEstimate.h; sourceTree = "<group>"; };
		4565EF6A1B56AFEA009D0BCD /* UberEstimate.m */ = {isa = PBXFileReference; fileEncoding = 4; lastKnownFileType = sourcecode.c.objc; path = UberEstimate.m; sourceTree = "<group>"; };
		4565EF6B1B56AFEA009D0BCD /* UberEstimatedPrice.h */ = {isa = PBXFileReference; fileEncoding = 4; lastKnownFileType = sourcecode.c.h; path = UberEstimatedPrice.h; sourceTree = "<group>"; };
		4565EF6C1B56AFEA009D0BCD /* UberEstimatedPrice.m */ = {isa = PBXFileReference; fileEncoding = 4; lastKnownFileType = sourcecode.c.objc; path = UberEstimatedPrice.m; sourceTree = "<group>"; };
		4565EF711B56AFFF009D0BCD /* UberDriver.h */ = {isa = PBXFileReference; fileEncoding = 4; lastKnownFileType = sourcecode.c.h; path = UberDriver.h; sourceTree = "<group>"; };
		4565EF721B56AFFF009D0BCD /* UberDriver.m */ = {isa = PBXFileReference; fileEncoding = 4; lastKnownFileType = sourcecode.c.objc; path = UberDriver.m; sourceTree = "<group>"; };
		4565EF731B56AFFF009D0BCD /* UberLocation.h */ = {isa = PBXFileReference; fileEncoding = 4; lastKnownFileType = sourcecode.c.h; path = UberLocation.h; sourceTree = "<group>"; };
		4565EF741B56AFFF009D0BCD /* UberLocation.m */ = {isa = PBXFileReference; fileEncoding = 4; lastKnownFileType = sourcecode.c.objc; path = UberLocation.m; sourceTree = "<group>"; };
		4565EF751B56AFFF009D0BCD /* UberVehicle.h */ = {isa = PBXFileReference; fileEncoding = 4; lastKnownFileType = sourcecode.c.h; path = UberVehicle.h; sourceTree = "<group>"; };
		4565EF761B56AFFF009D0BCD /* UberVehicle.m */ = {isa = PBXFileReference; fileEncoding = 4; lastKnownFileType = sourcecode.c.objc; path = UberVehicle.m; sourceTree = "<group>"; };
		4565EF7B1B56B014009D0BCD /* UberCharge.h */ = {isa = PBXFileReference; fileEncoding = 4; lastKnownFileType = sourcecode.c.h; path = UberCharge.h; sourceTree = "<group>"; };
		4565EF7C1B56B014009D0BCD /* UberCharge.m */ = {isa = PBXFileReference; fileEncoding = 4; lastKnownFileType = sourcecode.c.objc; path = UberCharge.m; sourceTree = "<group>"; };
		4565EF7D1B56B014009D0BCD /* UberReceipt.h */ = {isa = PBXFileReference; fileEncoding = 4; lastKnownFileType = sourcecode.c.h; path = UberReceipt.h; sourceTree = "<group>"; };
		4565EF7E1B56B014009D0BCD /* UberReceipt.m */ = {isa = PBXFileReference; fileEncoding = 4; lastKnownFileType = sourcecode.c.objc; path = UberReceipt.m; sourceTree = "<group>"; };
		4565EF821B56B02F009D0BCD /* OAuth2Client_Prefix.pch */ = {isa = PBXFileReference; fileEncoding = 4; lastKnownFileType = sourcecode.c.h; path = OAuth2Client_Prefix.pch; sourceTree = "<group>"; };
		4565EF831B56B02F009D0BCD /* NSData+NXOAuth2.h */ = {isa = PBXFileReference; fileEncoding = 4; lastKnownFileType = sourcecode.c.h; path = "NSData+NXOAuth2.h"; sourceTree = "<group>"; };
		4565EF841B56B02F009D0BCD /* NSString+NXOAuth2.h */ = {isa = PBXFileReference; fileEncoding = 4; lastKnownFileType = sourcecode.c.h; path = "NSString+NXOAuth2.h"; sourceTree = "<group>"; };
		4565EF851B56B02F009D0BCD /* NSURL+NXOAuth2.h */ = {isa = PBXFileReference; fileEncoding = 4; lastKnownFileType = sourcecode.c.h; path = "NSURL+NXOAuth2.h"; sourceTree = "<group>"; };
		4565EF861B56B02F009D0BCD /* NXOAuth2.h */ = {isa = PBXFileReference; fileEncoding = 4; lastKnownFileType = sourcecode.c.h; path = NXOAuth2.h; sourceTree = "<group>"; };
		4565EF871B56B02F009D0BCD /* NXOAuth2AccessToken.h */ = {isa = PBXFileReference; fileEncoding = 4; lastKnownFileType = sourcecode.c.h; path = NXOAuth2AccessToken.h; sourceTree = "<group>"; };
		4565EF881B56B02F009D0BCD /* NXOAuth2Account.h */ = {isa = PBXFileReference; fileEncoding = 4; lastKnownFileType = sourcecode.c.h; path = NXOAuth2Account.h; sourceTree = "<group>"; };
		4565EF891B56B02F009D0BCD /* NXOAuth2Account+Private.h */ = {isa = PBXFileReference; fileEncoding = 4; lastKnownFileType = sourcecode.c.h; path = "NXOAuth2Account+Private.h"; sourceTree = "<group>"; };
		4565EF8A1B56B02F009D0BCD /* NXOAuth2AccountStore.h */ = {isa = PBXFileReference; fileEncoding = 4; lastKnownFileType = sourcecode.c.h; path = NXOAuth2AccountStore.h; sourceTree = "<group>"; };
		4565EF8B1B56B02F009D0BCD /* NXOAuth2Client.h */ = {isa = PBXFileReference; fileEncoding = 4; lastKnownFileType = sourcecode.c.h; path = NXOAuth2Client.h; sourceTree = "<group>"; };
		4565EF8C1B56B02F009D0BCD /* NXOAuth2ClientDelegate.h */ = {isa = PBXFileReference; fileEncoding = 4; lastKnownFileType = sourcecode.c.h; path = NXOAuth2ClientDelegate.h; sourceTree = "<group>"; };
		4565EF8D1B56B02F009D0BCD /* NXOAuth2Connection.h */ = {isa = PBXFileReference; fileEncoding = 4; lastKnownFileType = sourcecode.c.h; path = NXOAuth2Connection.h; sourceTree = "<group>"; };
		4565EF8E1B56B02F009D0BCD /* NXOAuth2ConnectionDelegate.h */ = {isa = PBXFileReference; fileEncoding = 4; lastKnownFileType = sourcecode.c.h; path = NXOAuth2ConnectionDelegate.h; sourceTree = "<group>"; };
		4565EF8F1B56B02F009D0BCD /* NXOAuth2Constants.h */ = {isa = PBXFileReference; fileEncoding = 4; lastKnownFileType = sourcecode.c.h; path = NXOAuth2Constants.h; sourceTree = "<group>"; };
		4565EF901B56B02F009D0BCD /* NXOAuth2FileStreamWrapper.h */ = {isa = PBXFileReference; fileEncoding = 4; lastKnownFileType = sourcecode.c.h; path = NXOAuth2FileStreamWrapper.h; sourceTree = "<group>"; };
		4565EF911B56B02F009D0BCD /* NXOAuth2PostBodyPart.h */ = {isa = PBXFileReference; fileEncoding = 4; lastKnownFileType = sourcecode.c.h; path = NXOAuth2PostBodyPart.h; sourceTree = "<group>"; };
		4565EF921B56B02F009D0BCD /* NXOAuth2PostBodyStream.h */ = {isa = PBXFileReference; fileEncoding = 4; lastKnownFileType = sourcecode.c.h; path = NXOAuth2PostBodyStream.h; sourceTree = "<group>"; };
		4565EF931B56B02F009D0BCD /* NXOAuth2Request.h */ = {isa = PBXFileReference; fileEncoding = 4; lastKnownFileType = sourcecode.c.h; path = NXOAuth2Request.h; sourceTree = "<group>"; };
		4565EF941B56B02F009D0BCD /* NXOAuth2TrustDelegate.h */ = {isa = PBXFileReference; fileEncoding = 4; lastKnownFileType = sourcecode.c.h; path = NXOAuth2TrustDelegate.h; sourceTree = "<group>"; };
		4565EF951B56B02F009D0BCD /* NSData+NXOAuth2.m */ = {isa = PBXFileReference; fileEncoding = 4; lastKnownFileType = sourcecode.c.objc; path = "NSData+NXOAuth2.m"; sourceTree = "<group>"; };
		4565EF961B56B02F009D0BCD /* NSString+NXOAuth2.m */ = {isa = PBXFileReference; fileEncoding = 4; lastKnownFileType = sourcecode.c.objc; path = "NSString+NXOAuth2.m"; sourceTree = "<group>"; };
		4565EF971B56B02F009D0BCD /* NSURL+NXOAuth2.m */ = {isa = PBXFileReference; fileEncoding = 4; lastKnownFileType = sourcecode.c.objc; path = "NSURL+NXOAuth2.m"; sourceTree = "<group>"; };
		4565EF981B56B02F009D0BCD /* NXOAuth2AccessToken.m */ = {isa = PBXFileReference; fileEncoding = 4; lastKnownFileType = sourcecode.c.objc; path = NXOAuth2AccessToken.m; sourceTree = "<group>"; };
		4565EF991B56B02F009D0BCD /* NXOAuth2Account.m */ = {isa = PBXFileReference; fileEncoding = 4; lastKnownFileType = sourcecode.c.objc; path = NXOAuth2Account.m; sourceTree = "<group>"; };
		4565EF9A1B56B02F009D0BCD /* NXOAuth2AccountStore.m */ = {isa = PBXFileReference; fileEncoding = 4; lastKnownFileType = sourcecode.c.objc; path = NXOAuth2AccountStore.m; sourceTree = "<group>"; };
		4565EF9B1B56B02F009D0BCD /* NXOAuth2Client.m */ = {isa = PBXFileReference; fileEncoding = 4; lastKnownFileType = sourcecode.c.objc; path = NXOAuth2Client.m; sourceTree = "<group>"; };
		4565EF9C1B56B02F009D0BCD /* NXOAuth2Connection.m */ = {isa = PBXFileReference; fileEncoding = 4; lastKnownFileType = sourcecode.c.objc; path = NXOAuth2Connection.m; sourceTree = "<group>"; };
		4565EF9D1B56B02F009D0BCD /* NXOAuth2Constants.m */ = {isa = PBXFileReference; fileEncoding = 4; lastKnownFileType = sourcecode.c.objc; path = NXOAuth2Constants.m; sourceTree = "<group>"; };
		4565EF9E1B56B02F009D0BCD /* NXOAuth2FileStreamWrapper.m */ = {isa = PBXFileReference; fileEncoding = 4; lastKnownFileType = sourcecode.c.objc; path = NXOAuth2FileStreamWrapper.m; sourceTree = "<group>"; };
		4565EF9F1B56B02F009D0BCD /* NXOAuth2PostBodyPart.m */ = {isa = PBXFileReference; fileEncoding = 4; lastKnownFileType = sourcecode.c.objc; path = NXOAuth2PostBodyPart.m; sourceTree = "<group>"; };
		4565EFA01B56B02F009D0BCD /* NXOAuth2PostBodyStream.m */ = {isa = PBXFileReference; fileEncoding = 4; lastKnownFileType = sourcecode.c.objc; path = NXOAuth2PostBodyStream.m; sourceTree = "<group>"; };
		4565EFA11B56B02F009D0BCD /* NXOAuth2Request.m */ = {isa = PBXFileReference; fileEncoding = 4; lastKnownFileType = sourcecode.c.objc; path = NXOAuth2Request.m; sourceTree = "<group>"; };
		4565EFB41B56B23C009D0BCD /* UIButton+Bobtn.h */ = {isa = PBXFileReference; fileEncoding = 4; lastKnownFileType = sourcecode.c.h; path = "UIButton+Bobtn.h"; sourceTree = "<group>"; };
		4565EFB51B56B23C009D0BCD /* UIButton+Bobtn.m */ = {isa = PBXFileReference; fileEncoding = 4; lastKnownFileType = sourcecode.c.objc; path = "UIButton+Bobtn.m"; sourceTree = "<group>"; };
		4565EFB71B56B2F5009D0BCD /* HKAddressTVC.h */ = {isa = PBXFileReference; fileEncoding = 4; lastKnownFileType = sourcecode.c.h; path = HKAddressTVC.h; sourceTree = "<group>"; };
		4565EFB81B56B2F5009D0BCD /* HKAddressTVC.m */ = {isa = PBXFileReference; fileEncoding = 4; lastKnownFileType = sourcecode.c.objc; path = HKAddressTVC.m; sourceTree = "<group>"; };
		458725C71B58F2EE003608DB /* hk_center_2.png */ = {isa = PBXFileReference; lastKnownFileType = image.png; path = hk_center_2.png; sourceTree = "<group>"; };
		458725DB1B58F942003608DB /* hk_cur_11.png */ = {isa = PBXFileReference; lastKnownFileType = image.png; path = hk_cur_11.png; sourceTree = "<group>"; };
/* End PBXFileReference section */

/* Begin PBXFrameworksBuildPhase section */
		4565EF001B567A7F009D0BCD /* Frameworks */ = {
			isa = PBXFrameworksBuildPhase;
			buildActionMask = 2147483647;
			files = (
				4565EF431B56A992009D0BCD /* QuartzCore.framework in Frameworks */,
				4565EF411B56A988009D0BCD /* ImageIO.framework in Frameworks */,
				4565EF3F1B56A980009D0BCD /* SystemConfiguration.framework in Frameworks */,
				4565EF3D1B56A979009D0BCD /* Security.framework in Frameworks */,
				4565EF3B1B56A96F009D0BCD /* UIKit.framework in Frameworks */,
				4565EF391B56A968009D0BCD /* Foundation.framework in Frameworks */,
				4565EF371B56A960009D0BCD /* CoreGraphics.framework in Frameworks */,
				4565EF351B56A958009D0BCD /* libz.dylib in Frameworks */,
				4565EF331B56A94D009D0BCD /* CFNetwork.framework in Frameworks */,
				4565EF311B56A943009D0BCD /* CoreText.framework in Frameworks */,
				4565EF2F1B56A93B009D0BCD /* OpenGLES.framework in Frameworks */,
				4565EF2D1B56A8F0009D0BCD /* BaiduMapAPI.framework in Frameworks */,
			);
			runOnlyForDeploymentPostprocessing = 0;
		};
		4565EF191B567A7F009D0BCD /* Frameworks */ = {
			isa = PBXFrameworksBuildPhase;
			buildActionMask = 2147483647;
			files = (
			);
			runOnlyForDeploymentPostprocessing = 0;
		};
/* End PBXFrameworksBuildPhase section */

/* Begin PBXGroup section */
		456223901B57391A00F31AE5 /* Views */ = {
			isa = PBXGroup;
			children = (
				456223911B57392E00F31AE5 /* HKPaopaoView.h */,
				456223921B57392E00F31AE5 /* HKPaopaoView.m */,
				456223941B57461800F31AE5 /* HKBottomMenuView.h */,
				456223951B57461800F31AE5 /* HKBottomMenuView.m */,
				455680AC1B5BBE0500CDB9A1 /* HKCenterPinView.h */,
				455680AD1B5BBE0500CDB9A1 /* HKCenterPinView.m */,
				45599E321B5CDD5B0023CA02 /* HKFocusView.h */,
				45599E331B5CDD5B0023CA02 /* HKFocusView.m */,
			);
			name = Views;
			sourceTree = "<group>";
		};
		4565EEFA1B567A7F009D0BCD = {
			isa = PBXGroup;
			children = (
				4565EF051B567A7F009D0BCD /* hack */,
				4565EF1F1B567A7F009D0BCD /* hackTests */,
				4565EF041B567A7F009D0BCD /* Products */,
			);
			sourceTree = "<group>";
		};
		4565EF041B567A7F009D0BCD /* Products */ = {
			isa = PBXGroup;
			children = (
				4565EF031B567A7F009D0BCD /* hack.app */,
				4565EF1C1B567A7F009D0BCD /* hackTests.xctest */,
			);
			name = Products;
			sourceTree = "<group>";
		};
		4565EF051B567A7F009D0BCD /* hack */ = {
			isa = PBXGroup;
			children = (
				4565EFB31B56B232009D0BCD /* Categories */,
				458725BC1B58EB19003608DB /* Images */,
				456223901B57391A00F31AE5 /* Views */,
				4565EFAF1B56B1AE009D0BCD /* Controllers */,
				4565EF491B56AFAF009D0BCD /* UberKit */,
				4565EF0A1B567A7F009D0BCD /* AppDelegate.h */,
				4565EF0B1B567A7F009D0BCD /* AppDelegate.mm */,
				4565EF131B567A7F009D0BCD /* Images.xcassets */,
				4565EF151B567A7F009D0BCD /* LaunchScreen.xib */,
				4565EF061B567A7F009D0BCD /* Supporting Files */,
			);
			path = hack;
			sourceTree = "<group>";
		};
		4565EF061B567A7F009D0BCD /* Supporting Files */ = {
			isa = PBXGroup;
			children = (
				4565EF441B56AB2E009D0BCD /* mapapi.bundle */,
				4565EF421B56A992009D0BCD /* QuartzCore.framework */,
				4565EF401B56A988009D0BCD /* ImageIO.framework */,
				4565EF3E1B56A980009D0BCD /* SystemConfiguration.framework */,
				4565EF3C1B56A979009D0BCD /* Security.framework */,
				4565EF3A1B56A96F009D0BCD /* UIKit.framework */,
				4565EF381B56A968009D0BCD /* Foundation.framework */,
				4565EF361B56A960009D0BCD /* CoreGraphics.framework */,
				4565EF341B56A958009D0BCD /* libz.dylib */,
				4565EF321B56A94D009D0BCD /* CFNetwork.framework */,
				4565EF301B56A943009D0BCD /* CoreText.framework */,
				4565EF2E1B56A93B009D0BCD /* OpenGLES.framework */,
				4565EF2C1B56A8F0009D0BCD /* BaiduMapAPI.framework */,
				4565EF071B567A7F009D0BCD /* Info.plist */,
				4565EF081B567A7F009D0BCD /* main.m */,
			);
			name = "Supporting Files";
			sourceTree = "<group>";
		};
		4565EF1F1B567A7F009D0BCD /* hackTests */ = {
			isa = PBXGroup;
			children = (
				4565EF221B567A7F009D0BCD /* hackTests.m */,
				4565EF201B567A7F009D0BCD /* Supporting Files */,
			);
			path = hackTests;
			sourceTree = "<group>";
		};
		4565EF201B567A7F009D0BCD /* Supporting Files */ = {
			isa = PBXGroup;
			children = (
				4565EF211B567A7F009D0BCD /* Info.plist */,
			);
			name = "Supporting Files";
			sourceTree = "<group>";
		};
		4565EF491B56AFAF009D0BCD /* UberKit */ = {
			isa = PBXGroup;
			children = (
				4565EF811B56B022009D0BCD /* OAuth2Client */,
				4565EF4D1B56AFC5009D0BCD /* Model */,
				4565EF4A1B56AFBE009D0BCD /* UberKit.h */,
				4565EF4B1B56AFBE009D0BCD /* UberKit.m */,
			);
			name = UberKit;
			sourceTree = "<group>";
		};
		4565EF4D1B56AFC5009D0BCD /* Model */ = {
			isa = PBXGroup;
			children = (
				4565EF7A1B56B008009D0BCD /* Receipt */,
				4565EF701B56AFF3009D0BCD /* Details */,
				4565EF661B56AFDA009D0BCD /* Estimate */,
				4565EF4E1B56AFCF009D0BCD /* UberRequest.h */,
				4565EF4F1B56AFCF009D0BCD /* UberRequest.m */,
				4565EF501B56AFCF009D0BCD /* UberActivity.h */,
				4565EF511B56AFCF009D0BCD /* UberActivity.m */,
				4565EF521B56AFCF009D0BCD /* UberPrice.h */,
				4565EF531B56AFCF009D0BCD /* UberPrice.m */,
				4565EF541B56AFCF009D0BCD /* UberProduct.h */,
				4565EF551B56AFCF009D0BCD /* UberProduct.m */,
				4565EF561B56AFCF009D0BCD /* UberProfile.h */,
				4565EF571B56AFCF009D0BCD /* UberProfile.m */,
				4565EF581B56AFCF009D0BCD /* UberPromotion.h */,
				4565EF591B56AFCF009D0BCD /* UberPromotion.m */,
				4565EF5A1B56AFCF009D0BCD /* UberTime.h */,
				4565EF5B1B56AFCF009D0BCD /* UberTime.m */,
				4565EF5C1B56AFCF009D0BCD /* UberMap.h */,
				4565EF5D1B56AFCF009D0BCD /* UberMap.m */,
			);
			name = Model;
			sourceTree = "<group>";
		};
		4565EF661B56AFDA009D0BCD /* Estimate */ = {
			isa = PBXGroup;
			children = (
				4565EF671B56AFEA009D0BCD /* UberTrip.h */,
				4565EF681B56AFEA009D0BCD /* UberTrip.m */,
				4565EF691B56AFEA009D0BCD /* UberEstimate.h */,
				4565EF6A1B56AFEA009D0BCD /* UberEstimate.m */,
				4565EF6B1B56AFEA009D0BCD /* UberEstimatedPrice.h */,
				4565EF6C1B56AFEA009D0BCD /* UberEstimatedPrice.m */,
			);
			name = Estimate;
			sourceTree = "<group>";
		};
		4565EF701B56AFF3009D0BCD /* Details */ = {
			isa = PBXGroup;
			children = (
				4565EF711B56AFFF009D0BCD /* UberDriver.h */,
				4565EF721B56AFFF009D0BCD /* UberDriver.m */,
				4565EF731B56AFFF009D0BCD /* UberLocation.h */,
				4565EF741B56AFFF009D0BCD /* UberLocation.m */,
				4565EF751B56AFFF009D0BCD /* UberVehicle.h */,
				4565EF761B56AFFF009D0BCD /* UberVehicle.m */,
			);
			name = Details;
			sourceTree = "<group>";
		};
		4565EF7A1B56B008009D0BCD /* Receipt */ = {
			isa = PBXGroup;
			children = (
				4565EF7B1B56B014009D0BCD /* UberCharge.h */,
				4565EF7C1B56B014009D0BCD /* UberCharge.m */,
				4565EF7D1B56B014009D0BCD /* UberReceipt.h */,
				4565EF7E1B56B014009D0BCD /* UberReceipt.m */,
			);
			name = Receipt;
			sourceTree = "<group>";
		};
		4565EF811B56B022009D0BCD /* OAuth2Client */ = {
			isa = PBXGroup;
			children = (
				4565EF821B56B02F009D0BCD /* OAuth2Client_Prefix.pch */,
				4565EF831B56B02F009D0BCD /* NSData+NXOAuth2.h */,
				4565EF841B56B02F009D0BCD /* NSString+NXOAuth2.h */,
				4565EF851B56B02F009D0BCD /* NSURL+NXOAuth2.h */,
				4565EF861B56B02F009D0BCD /* NXOAuth2.h */,
				4565EF871B56B02F009D0BCD /* NXOAuth2AccessToken.h */,
				4565EF881B56B02F009D0BCD /* NXOAuth2Account.h */,
				4565EF891B56B02F009D0BCD /* NXOAuth2Account+Private.h */,
				4565EF8A1B56B02F009D0BCD /* NXOAuth2AccountStore.h */,
				4565EF8B1B56B02F009D0BCD /* NXOAuth2Client.h */,
				4565EF8C1B56B02F009D0BCD /* NXOAuth2ClientDelegate.h */,
				4565EF8D1B56B02F009D0BCD /* NXOAuth2Connection.h */,
				4565EF8E1B56B02F009D0BCD /* NXOAuth2ConnectionDelegate.h */,
				4565EF8F1B56B02F009D0BCD /* NXOAuth2Constants.h */,
				4565EF901B56B02F009D0BCD /* NXOAuth2FileStreamWrapper.h */,
				4565EF911B56B02F009D0BCD /* NXOAuth2PostBodyPart.h */,
				4565EF921B56B02F009D0BCD /* NXOAuth2PostBodyStream.h */,
				4565EF931B56B02F009D0BCD /* NXOAuth2Request.h */,
				4565EF941B56B02F009D0BCD /* NXOAuth2TrustDelegate.h */,
				4565EF951B56B02F009D0BCD /* NSData+NXOAuth2.m */,
				4565EF961B56B02F009D0BCD /* NSString+NXOAuth2.m */,
				4565EF971B56B02F009D0BCD /* NSURL+NXOAuth2.m */,
				4565EF981B56B02F009D0BCD /* NXOAuth2AccessToken.m */,
				4565EF991B56B02F009D0BCD /* NXOAuth2Account.m */,
				4565EF9A1B56B02F009D0BCD /* NXOAuth2AccountStore.m */,
				4565EF9B1B56B02F009D0BCD /* NXOAuth2Client.m */,
				4565EF9C1B56B02F009D0BCD /* NXOAuth2Connection.m */,
				4565EF9D1B56B02F009D0BCD /* NXOAuth2Constants.m */,
				4565EF9E1B56B02F009D0BCD /* NXOAuth2FileStreamWrapper.m */,
				4565EF9F1B56B02F009D0BCD /* NXOAuth2PostBodyPart.m */,
				4565EFA01B56B02F009D0BCD /* NXOAuth2PostBodyStream.m */,
				4565EFA11B56B02F009D0BCD /* NXOAuth2Request.m */,
			);
			name = OAuth2Client;
			sourceTree = "<group>";
		};
		4565EFAF1B56B1AE009D0BCD /* Controllers */ = {
			isa = PBXGroup;
			children = (
				4565EF461B56AC75009D0BCD /* HKMainMapViewController.h */,
				4565EF471B56AC75009D0BCD /* HKMainMapViewController.m */,
				4565EFB71B56B2F5009D0BCD /* HKAddressTVC.h */,
				4565EFB81B56B2F5009D0BCD /* HKAddressTVC.m */,
			);
			name = Controllers;
			sourceTree = "<group>";
		};
		4565EFB31B56B232009D0BCD /* Categories */ = {
			isa = PBXGroup;
			children = (
				4565EFB41B56B23C009D0BCD /* UIButton+Bobtn.h */,
				4565EFB51B56B23C009D0BCD /* UIButton+Bobtn.m */,
			);
			name = Categories;
			sourceTree = "<group>";
		};
		458725BC1B58EB19003608DB /* Images */ = {
			isa = PBXGroup;
			children = (
				458725C71B58F2EE003608DB /* hk_center_2.png */,
				458725DB1B58F942003608DB /* hk_cur_11.png */,
				45599E301B5CC60B0023CA02 /* hk_settings.png */,
				45599E1E1B5C98C60023CA02 /* hk_profile_4.png */,
				455680B31B5BC79900CDB9A1 /* hk_focus_6.png */,
				45599E2E1B5CC4960023CA02 /* Default@3x-2.png */,
			);
			name = Images;
			sourceTree = "<group>";
		};
/* End PBXGroup section */

/* Begin PBXNativeTarget section */
		4565EF021B567A7F009D0BCD /* hack */ = {
			isa = PBXNativeTarget;
			buildConfigurationList = 4565EF261B567A7F009D0BCD /* Build configuration list for PBXNativeTarget "hack" */;
			buildPhases = (
				4565EEFF1B567A7F009D0BCD /* Sources */,
				4565EF001B567A7F009D0BCD /* Frameworks */,
				4565EF011B567A7F009D0BCD /* Resources */,
			);
			buildRules = (
			);
			dependencies = (
			);
			name = hack;
			productName = hack;
			productReference = 4565EF031B567A7F009D0BCD /* hack.app */;
			productType = "com.apple.product-type.application";
		};
		4565EF1B1B567A7F009D0BCD /* hackTests */ = {
			isa = PBXNativeTarget;
			buildConfigurationList = 4565EF291B567A7F009D0BCD /* Build configuration list for PBXNativeTarget "hackTests" */;
			buildPhases = (
				4565EF181B567A7F009D0BCD /* Sources */,
				4565EF191B567A7F009D0BCD /* Frameworks */,
				4565EF1A1B567A7F009D0BCD /* Resources */,
			);
			buildRules = (
			);
			dependencies = (
				4565EF1E1B567A7F009D0BCD /* PBXTargetDependency */,
			);
			name = hackTests;
			productName = hackTests;
			productReference = 4565EF1C1B567A7F009D0BCD /* hackTests.xctest */;
			productType = "com.apple.product-type.bundle.unit-test";
		};
/* End PBXNativeTarget section */

/* Begin PBXProject section */
		4565EEFB1B567A7F009D0BCD /* Project object */ = {
			isa = PBXProject;
			attributes = {
				LastUpgradeCheck = 0640;
				ORGANIZATIONNAME = Bankwel;
				TargetAttributes = {
					4565EF021B567A7F009D0BCD = {
						CreatedOnToolsVersion = 6.4;
					};
					4565EF1B1B567A7F009D0BCD = {
						CreatedOnToolsVersion = 6.4;
						TestTargetID = 4565EF021B567A7F009D0BCD;
					};
				};
			};
			buildConfigurationList = 4565EEFE1B567A7F009D0BCD /* Build configuration list for PBXProject "hack" */;
			compatibilityVersion = "Xcode 3.2";
			developmentRegion = English;
			hasScannedForEncodings = 0;
			knownRegions = (
				en,
				Base,
			);
			mainGroup = 4565EEFA1B567A7F009D0BCD;
			productRefGroup = 4565EF041B567A7F009D0BCD /* Products */;
			projectDirPath = "";
			projectRoot = "";
			targets = (
				4565EF021B567A7F009D0BCD /* hack */,
				4565EF1B1B567A7F009D0BCD /* hackTests */,
			);
		};
/* End PBXProject section */

/* Begin PBXResourcesBuildPhase section */
		4565EF011B567A7F009D0BCD /* Resources */ = {
			isa = PBXResourcesBuildPhase;
			buildActionMask = 2147483647;
			files = (
				45599E1F1B5C98C60023CA02 /* hk_profile_4.png in Resources */,
				4565EF451B56AB2E009D0BCD /* mapapi.bundle in Resources */,
				45599E2F1B5CC4960023CA02 /* Default@3x-2.png in Resources */,
				458725DC1B58F942003608DB /* hk_cur_11.png in Resources */,
				4565EF171B567A7F009D0BCD /* LaunchScreen.xib in Resources */,
				4565EF141B567A7F009D0BCD /* Images.xcassets in Resources */,
				45599E311B5CC60B0023CA02 /* hk_settings.png in Resources */,
				458725C81B58F2EE003608DB /* hk_center_2.png in Resources */,
				455680B41B5BC79900CDB9A1 /* hk_focus_6.png in Resources */,
			);
			runOnlyForDeploymentPostprocessing = 0;
		};
		4565EF1A1B567A7F009D0BCD /* Resources */ = {
			isa = PBXResourcesBuildPhase;
			buildActionMask = 2147483647;
			files = (
			);
			runOnlyForDeploymentPostprocessing = 0;
		};
/* End PBXResourcesBuildPhase section */

/* Begin PBXSourcesBuildPhase section */
		4565EEFF1B567A7F009D0BCD /* Sources */ = {
			isa = PBXSourcesBuildPhase;
			buildActionMask = 2147483647;
			files = (
				4565EFA71B56B02F009D0BCD /* NXOAuth2AccountStore.m in Sources */,
				4565EF641B56AFCF009D0BCD /* UberTime.m in Sources */,
				4565EF771B56AFFF009D0BCD /* UberDriver.m in Sources */,
				4565EF481B56AC75009D0BCD /* HKMainMapViewController.m in Sources */,
				4565EF631B56AFCF009D0BCD /* UberPromotion.m in Sources */,
				4565EFA51B56B02F009D0BCD /* NXOAuth2AccessToken.m in Sources */,
				45599E341B5CDD5B0023CA02 /* HKFocusView.m in Sources */,
				4565EF5E1B56AFCF009D0BCD /* UberRequest.m in Sources */,
				4565EF651B56AFCF009D0BCD /* UberMap.m in Sources */,
				456223931B57392E00F31AE5 /* HKPaopaoView.m in Sources */,
				4565EF801B56B014009D0BCD /* UberReceipt.m in Sources */,
				4565EF5F1B56AFCF009D0BCD /* UberActivity.m in Sources */,
				4565EF601B56AFCF009D0BCD /* UberPrice.m in Sources */,
				4565EFA61B56B02F009D0BCD /* NXOAuth2Account.m in Sources */,
				4565EFB61B56B23C009D0BCD /* UIButton+Bobtn.m in Sources */,
				4565EFAD1B56B02F009D0BCD /* NXOAuth2PostBodyStream.m in Sources */,
				4565EF6D1B56AFEA009D0BCD /* UberTrip.m in Sources */,
				4565EF0C1B567A7F009D0BCD /* AppDelegate.mm in Sources */,
				4565EFAB1B56B02F009D0BCD /* NXOAuth2FileStreamWrapper.m in Sources */,
				4565EFA21B56B02F009D0BCD /* NSData+NXOAuth2.m in Sources */,
				4565EF6E1B56AFEA009D0BCD /* UberEstimate.m in Sources */,
				4565EFA91B56B02F009D0BCD /* NXOAuth2Connection.m in Sources */,
				4565EF4C1B56AFBE009D0BCD /* UberKit.m in Sources */,
				4565EFAE1B56B02F009D0BCD /* NXOAuth2Request.m in Sources */,
				4565EFA41B56B02F009D0BCD /* NSURL+NXOAuth2.m in Sources */,
				4565EF781B56AFFF009D0BCD /* UberLocation.m in Sources */,
				4565EF6F1B56AFEA009D0BCD /* UberEstimatedPrice.m in Sources */,
				4565EF7F1B56B014009D0BCD /* UberCharge.m in Sources */,
				4565EF791B56AFFF009D0BCD /* UberVehicle.m in Sources */,
				455680AE1B5BBE0500CDB9A1 /* HKCenterPinView.m in Sources */,
				4565EF621B56AFCF009D0BCD /* UberProfile.m in Sources */,
				4565EF091B567A7F009D0BCD /* main.m in Sources */,
				456223961B57461800F31AE5 /* HKBottomMenuView.m in Sources */,
				4565EFA81B56B02F009D0BCD /* NXOAuth2Client.m in Sources */,
				4565EFAC1B56B02F009D0BCD /* NXOAuth2PostBodyPart.m in Sources */,
				4565EFAA1B56B02F009D0BCD /* NXOAuth2Constants.m in Sources */,
				4565EFA31B56B02F009D0BCD /* NSString+NXOAuth2.m in Sources */,
				4565EF611B56AFCF009D0BCD /* UberProduct.m in Sources */,
				4565EFB91B56B2F5009D0BCD /* HKAddressTVC.m in Sources */,
			);
			runOnlyForDeploymentPostprocessing = 0;
		};
		4565EF181B567A7F009D0BCD /* Sources */ = {
			isa = PBXSourcesBuildPhase;
			buildActionMask = 2147483647;
			files = (
				4565EF231B567A7F009D0BCD /* hackTests.m in Sources */,
			);
			runOnlyForDeploymentPostprocessing = 0;
		};
/* End PBXSourcesBuildPhase section */

/* Begin PBXTargetDependency section */
		4565EF1E1B567A7F009D0BCD /* PBXTargetDependency */ = {
			isa = PBXTargetDependency;
			target = 4565EF021B567A7F009D0BCD /* hack */;
			targetProxy = 4565EF1D1B567A7F009D0BCD /* PBXContainerItemProxy */;
		};
/* End PBXTargetDependency section */

/* Begin PBXVariantGroup section */
		4565EF151B567A7F009D0BCD /* LaunchScreen.xib */ = {
			isa = PBXVariantGroup;
			children = (
				4565EF161B567A7F009D0BCD /* Base */,
			);
			name = LaunchScreen.xib;
			sourceTree = "<group>";
		};
/* End PBXVariantGroup section */

/* Begin XCBuildConfiguration section */
		4565EF241B567A7F009D0BCD /* Debug */ = {
			isa = XCBuildConfiguration;
			buildSettings = {
				ALWAYS_SEARCH_USER_PATHS = NO;
				CLANG_CXX_LANGUAGE_STANDARD = "gnu++0x";
				CLANG_CXX_LIBRARY = "libc++";
				CLANG_ENABLE_MODULES = YES;
				CLANG_ENABLE_OBJC_ARC = YES;
				CLANG_WARN_BOOL_CONVERSION = YES;
				CLANG_WARN_CONSTANT_CONVERSION = YES;
				CLANG_WARN_DIRECT_OBJC_ISA_USAGE = YES_ERROR;
				CLANG_WARN_EMPTY_BODY = YES;
				CLANG_WARN_ENUM_CONVERSION = YES;
				CLANG_WARN_INT_CONVERSION = YES;
				CLANG_WARN_OBJC_ROOT_CLASS = YES_ERROR;
				CLANG_WARN_UNREACHABLE_CODE = YES;
				CLANG_WARN__DUPLICATE_METHOD_MATCH = YES;
				"CODE_SIGN_IDENTITY[sdk=iphoneos*]" = "iPhone Developer";
				COPY_PHASE_STRIP = NO;
				DEBUG_INFORMATION_FORMAT = "dwarf-with-dsym";
				ENABLE_STRICT_OBJC_MSGSEND = YES;
				GCC_C_LANGUAGE_STANDARD = gnu99;
				GCC_DYNAMIC_NO_PIC = NO;
				GCC_NO_COMMON_BLOCKS = YES;
				GCC_OPTIMIZATION_LEVEL = 0;
				GCC_PREPROCESSOR_DEFINITIONS = (
					"DEBUG=1",
					"$(inherited)",
				);
				GCC_SYMBOLS_PRIVATE_EXTERN = NO;
				GCC_WARN_64_TO_32_BIT_CONVERSION = YES;
				GCC_WARN_ABOUT_RETURN_TYPE = YES_ERROR;
				GCC_WARN_UNDECLARED_SELECTOR = YES;
				GCC_WARN_UNINITIALIZED_AUTOS = YES_AGGRESSIVE;
				GCC_WARN_UNUSED_FUNCTION = YES;
				GCC_WARN_UNUSED_VARIABLE = YES;
				IPHONEOS_DEPLOYMENT_TARGET = 8.4;
				MTL_ENABLE_DEBUG_INFO = YES;
				ONLY_ACTIVE_ARCH = YES;
				SDKROOT = iphoneos;
				TARGETED_DEVICE_FAMILY = "1,2";
			};
			name = Debug;
		};
		4565EF251B567A7F009D0BCD /* Release */ = {
			isa = XCBuildConfiguration;
			buildSettings = {
				ALWAYS_SEARCH_USER_PATHS = NO;
				CLANG_CXX_LANGUAGE_STANDARD = "gnu++0x";
				CLANG_CXX_LIBRARY = "libc++";
				CLANG_ENABLE_MODULES = YES;
				CLANG_ENABLE_OBJC_ARC = YES;
				CLANG_WARN_BOOL_CONVERSION = YES;
				CLANG_WARN_CONSTANT_CONVERSION = YES;
				CLANG_WARN_DIRECT_OBJC_ISA_USAGE = YES_ERROR;
				CLANG_WARN_EMPTY_BODY = YES;
				CLANG_WARN_ENUM_CONVERSION = YES;
				CLANG_WARN_INT_CONVERSION = YES;
				CLANG_WARN_OBJC_ROOT_CLASS = YES_ERROR;
				CLANG_WARN_UNREACHABLE_CODE = YES;
				CLANG_WARN__DUPLICATE_METHOD_MATCH = YES;
				"CODE_SIGN_IDENTITY[sdk=iphoneos*]" = "iPhone Developer";
				COPY_PHASE_STRIP = NO;
				DEBUG_INFORMATION_FORMAT = "dwarf-with-dsym";
				ENABLE_NS_ASSERTIONS = NO;
				ENABLE_STRICT_OBJC_MSGSEND = YES;
				GCC_C_LANGUAGE_STANDARD = gnu99;
				GCC_NO_COMMON_BLOCKS = YES;
				GCC_WARN_64_TO_32_BIT_CONVERSION = YES;
				GCC_WARN_ABOUT_RETURN_TYPE = YES_ERROR;
				GCC_WARN_UNDECLARED_SELECTOR = YES;
				GCC_WARN_UNINITIALIZED_AUTOS = YES_AGGRESSIVE;
				GCC_WARN_UNUSED_FUNCTION = YES;
				GCC_WARN_UNUSED_VARIABLE = YES;
				IPHONEOS_DEPLOYMENT_TARGET = 8.4;
				MTL_ENABLE_DEBUG_INFO = NO;
				SDKROOT = iphoneos;
				TARGETED_DEVICE_FAMILY = "1,2";
				VALIDATE_PRODUCT = YES;
			};
			name = Release;
		};
		4565EF271B567A7F009D0BCD /* Debug */ = {
			isa = XCBuildConfiguration;
			buildSettings = {
				ASSETCATALOG_COMPILER_LAUNCHIMAGE_NAME = LaunchImage;
				FRAMEWORK_SEARCH_PATHS = (
					"$(inherited)",
					"$(PROJECT_DIR)/hack",
				);
				INFOPLIST_FILE = hack/Info.plist;
				LD_RUNPATH_SEARCH_PATHS = "$(inherited) @executable_path/Frameworks";
				OTHER_LDFLAGS = "-ObjC";
				PRODUCT_NAME = "$(TARGET_NAME)";
			};
			name = Debug;
		};
		4565EF281B567A7F009D0BCD /* Release */ = {
			isa = XCBuildConfiguration;
			buildSettings = {
				ASSETCATALOG_COMPILER_LAUNCHIMAGE_NAME = LaunchImage;
				FRAMEWORK_SEARCH_PATHS = (
					"$(inherited)",
					"$(PROJECT_DIR)/hack",
				);
				INFOPLIST_FILE = hack/Info.plist;
				LD_RUNPATH_SEARCH_PATHS = "$(inherited) @executable_path/Frameworks";
				OTHER_LDFLAGS = "-ObjC";
				PRODUCT_NAME = "$(TARGET_NAME)";
			};
			name = Release;
		};
		4565EF2A1B567A7F009D0BCD /* Debug */ = {
			isa = XCBuildConfiguration;
			buildSettings = {
				BUNDLE_LOADER = "$(TEST_HOST)";
				FRAMEWORK_SEARCH_PATHS = (
					"$(SDKROOT)/Developer/Library/Frameworks",
					"$(inherited)",
				);
				GCC_PREPROCESSOR_DEFINITIONS = (
					"DEBUG=1",
					"$(inherited)",
				);
				INFOPLIST_FILE = hackTests/Info.plist;
				LD_RUNPATH_SEARCH_PATHS = "$(inherited) @executable_path/Frameworks @loader_path/Frameworks";
				PRODUCT_NAME = "$(TARGET_NAME)";
				TEST_HOST = "$(BUILT_PRODUCTS_DIR)/hack.app/hack";
			};
			name = Debug;
		};
		4565EF2B1B567A7F009D0BCD /* Release */ = {
			isa = XCBuildConfiguration;
			buildSettings = {
				BUNDLE_LOADER = "$(TEST_HOST)";
				FRAMEWORK_SEARCH_PATHS = (
					"$(SDKROOT)/Developer/Library/Frameworks",
					"$(inherited)",
				);
				INFOPLIST_FILE = hackTests/Info.plist;
				LD_RUNPATH_SEARCH_PATHS = "$(inherited) @executable_path/Frameworks @loader_path/Frameworks";
				PRODUCT_NAME = "$(TARGET_NAME)";
				TEST_HOST = "$(BUILT_PRODUCTS_DIR)/hack.app/hack";
			};
			name = Release;
		};
/* End XCBuildConfiguration section */

/* Begin XCConfigurationList section */
		4565EEFE1B567A7F009D0BCD /* Build configuration list for PBXProject "hack" */ = {
			isa = XCConfigurationList;
			buildConfigurations = (
				4565EF241B567A7F009D0BCD /* Debug */,
				4565EF251B567A7F009D0BCD /* Release */,
			);
			defaultConfigurationIsVisible = 0;
			defaultConfigurationName = Release;
		};
		4565EF261B567A7F009D0BCD /* Build configuration list for PBXNativeTarget "hack" */ = {
			isa = XCConfigurationList;
			buildConfigurations = (
				4565EF271B567A7F009D0BCD /* Debug */,
				4565EF281B567A7F009D0BCD /* Release */,
			);
			defaultConfigurationIsVisible = 0;
			defaultConfigurationName = Release;
		};
		4565EF291B567A7F009D0BCD /* Build configuration list for PBXNativeTarget "hackTests" */ = {
			isa = XCConfigurationList;
			buildConfigurations = (
				4565EF2A1B567A7F009D0BCD /* Debug */,
				4565EF2B1B567A7F009D0BCD /* Release */,
			);
			defaultConfigurationIsVisible = 0;
			defaultConfigurationName = Release;
		};
/* End XCConfigurationList section */
	};
	rootObject = 4565EEFB1B567A7F009D0BCD /* Project object */;
}
